// !$*UTF8*$!
{
	archiveVersion = 1;
	classes = {
	};
	objectVersion = 56;
	objects = {

/* Begin PBXBuildFile section */
		45DC779B2AD6B40A00A7DAA4 /* PostButtonView.swift in Sources */ = {isa = PBXBuildFile; fileRef = 45DC779A2AD6B40A00A7DAA4 /* PostButtonView.swift */; };
		45DC779E2AD6B43800A7DAA4 /* ToolbarView.swift in Sources */ = {isa = PBXBuildFile; fileRef = 45DC779D2AD6B43800A7DAA4 /* ToolbarView.swift */; };
		45DC77A22AD6B46B00A7DAA4 /* HScrollView.swift in Sources */ = {isa = PBXBuildFile; fileRef = 45DC77A12AD6B46B00A7DAA4 /* HScrollView.swift */; };
		45DC77A52AD6B49300A7DAA4 /* DayView.swift in Sources */ = {isa = PBXBuildFile; fileRef = 45DC77A42AD6B49300A7DAA4 /* DayView.swift */; };
		45DC77A82AD6B4AF00A7DAA4 /* ShowDiaryView.swift in Sources */ = {isa = PBXBuildFile; fileRef = 45DC77A72AD6B4AF00A7DAA4 /* ShowDiaryView.swift */; };
		45DC77AC2AD6B4D500A7DAA4 /* DiaryCell.swift in Sources */ = {isa = PBXBuildFile; fileRef = 45DC77AB2AD6B4D500A7DAA4 /* DiaryCell.swift */; };
		45DC77AF2AD6B50700A7DAA4 /* ClickCell.swift in Sources */ = {isa = PBXBuildFile; fileRef = 45DC77AE2AD6B50700A7DAA4 /* ClickCell.swift */; };
		45DC77B12AD6B51900A7DAA4 /* ClickDiaryView.swift in Sources */ = {isa = PBXBuildFile; fileRef = 45DC77B02AD6B51900A7DAA4 /* ClickDiaryView.swift */; };
		45DC77C82AD8124B00A7DAA4 /* Pretendard-Bold.otf in Resources */ = {isa = PBXBuildFile; fileRef = 45DC77BF2AD8124900A7DAA4 /* Pretendard-Bold.otf */; };
		45DC77C92AD8124B00A7DAA4 /* Pretendard-SemiBold.otf in Resources */ = {isa = PBXBuildFile; fileRef = 45DC77C02AD8124900A7DAA4 /* Pretendard-SemiBold.otf */; };
		45DC77CA2AD8124B00A7DAA4 /* Pretendard-Thin.otf in Resources */ = {isa = PBXBuildFile; fileRef = 45DC77C12AD8124A00A7DAA4 /* Pretendard-Thin.otf */; };
		45DC77CB2AD8124B00A7DAA4 /* Pretendard-Light.otf in Resources */ = {isa = PBXBuildFile; fileRef = 45DC77C22AD8124A00A7DAA4 /* Pretendard-Light.otf */; };
		45DC77CC2AD8124B00A7DAA4 /* Pretendard-ExtraLight.otf in Resources */ = {isa = PBXBuildFile; fileRef = 45DC77C32AD8124A00A7DAA4 /* Pretendard-ExtraLight.otf */; };
		45DC77CD2AD8124B00A7DAA4 /* Pretendard-Black.otf in Resources */ = {isa = PBXBuildFile; fileRef = 45DC77C42AD8124A00A7DAA4 /* Pretendard-Black.otf */; };
		45DC77CE2AD8124B00A7DAA4 /* Pretendard-Regular.otf in Resources */ = {isa = PBXBuildFile; fileRef = 45DC77C52AD8124A00A7DAA4 /* Pretendard-Regular.otf */; };
		45DC77CF2AD8124B00A7DAA4 /* Pretendard-ExtraBold.otf in Resources */ = {isa = PBXBuildFile; fileRef = 45DC77C62AD8124B00A7DAA4 /* Pretendard-ExtraBold.otf */; };
		45DC77D02AD8124B00A7DAA4 /* Pretendard-Medium.otf in Resources */ = {isa = PBXBuildFile; fileRef = 45DC77C72AD8124B00A7DAA4 /* Pretendard-Medium.otf */; };
		45E996A82AE689E000F3CDFF /* UINavigationController + Ext.swift in Sources */ = {isa = PBXBuildFile; fileRef = 45E996A72AE689E000F3CDFF /* UINavigationController + Ext.swift */; };
		45E996AA2AE73A8600F3CDFF /* CornerRadius+Ext.swift in Sources */ = {isa = PBXBuildFile; fileRef = 45E996A92AE73A8600F3CDFF /* CornerRadius+Ext.swift */; };
		4DF4F3E62ABC5A1B00D66126 /* b8ndDiaryApp.swift in Sources */ = {isa = PBXBuildFile; fileRef = 4DF4F3E52ABC5A1B00D66126 /* b8ndDiaryApp.swift */; };
		4DF4F3E82ABC5A1B00D66126 /* ContentView.swift in Sources */ = {isa = PBXBuildFile; fileRef = 4DF4F3E72ABC5A1B00D66126 /* ContentView.swift */; };
		4DF4F3EA2ABC5A1C00D66126 /* Assets.xcassets in Resources */ = {isa = PBXBuildFile; fileRef = 4DF4F3E92ABC5A1C00D66126 /* Assets.xcassets */; };
		4DF4F3ED2ABC5A1C00D66126 /* Preview Assets.xcassets in Resources */ = {isa = PBXBuildFile; fileRef = 4DF4F3EC2ABC5A1C00D66126 /* Preview Assets.xcassets */; };
		4DF4F3F72ABC5A1D00D66126 /* b8ndDiaryTests.swift in Sources */ = {isa = PBXBuildFile; fileRef = 4DF4F3F62ABC5A1D00D66126 /* b8ndDiaryTests.swift */; };
		4DF4F4012ABC5A1D00D66126 /* b8ndDiaryUITests.swift in Sources */ = {isa = PBXBuildFile; fileRef = 4DF4F4002ABC5A1D00D66126 /* b8ndDiaryUITests.swift */; };
		4DF4F4032ABC5A1D00D66126 /* b8ndDiaryUITestsLaunchTests.swift in Sources */ = {isa = PBXBuildFile; fileRef = 4DF4F4022ABC5A1D00D66126 /* b8ndDiaryUITestsLaunchTests.swift */; };
		4DFEB1772ACD952300343927 /* ProfileView.swift in Sources */ = {isa = PBXBuildFile; fileRef = 4DFEB1762ACD952300343927 /* ProfileView.swift */; };
		4DFEB1792ACD952900343927 /* LoginView.swift in Sources */ = {isa = PBXBuildFile; fileRef = 4DFEB1782ACD952900343927 /* LoginView.swift */; };
		4DFEB17B2ACD954100343927 /* PostView.swift in Sources */ = {isa = PBXBuildFile; fileRef = 4DFEB17A2ACD954100343927 /* PostView.swift */; };
		4DFEB17D2ACD954500343927 /* SettingView.swift in Sources */ = {isa = PBXBuildFile; fileRef = 4DFEB17C2ACD954500343927 /* SettingView.swift */; };
		4DFEB1812ACD955800343927 /* thisisdata.swift in Sources */ = {isa = PBXBuildFile; fileRef = 4DFEB1802ACD955800343927 /* thisisdata.swift */; };
		7596ADD62AE68D1C008EBFD8 /* GoogleService-Info.plist in Resources */ = {isa = PBXBuildFile; fileRef = 7596ADD52AE68D1C008EBFD8 /* GoogleService-Info.plist */; };
		7596ADD82AE68D3C008EBFD8 /* MyPageView.swift in Sources */ = {isa = PBXBuildFile; fileRef = 7596ADD72AE68D3C008EBFD8 /* MyPageView.swift */; };
		7596ADDA2AE68D41008EBFD8 /* UserPage.swift in Sources */ = {isa = PBXBuildFile; fileRef = 7596ADD92AE68D41008EBFD8 /* UserPage.swift */; };
		7596ADDC2AE68D47008EBFD8 /* MonthPage.swift in Sources */ = {isa = PBXBuildFile; fileRef = 7596ADDB2AE68D47008EBFD8 /* MonthPage.swift */; };
		7596ADDE2AE68D4E008EBFD8 /* YearCalendar.swift in Sources */ = {isa = PBXBuildFile; fileRef = 7596ADDD2AE68D4E008EBFD8 /* YearCalendar.swift */; };
		7596ADE02AE68D5A008EBFD8 /* GoogleSignIn.swift in Sources */ = {isa = PBXBuildFile; fileRef = 7596ADDF2AE68D5A008EBFD8 /* GoogleSignIn.swift */; };
		7596ADE22AE68D5F008EBFD8 /* UserData.swift in Sources */ = {isa = PBXBuildFile; fileRef = 7596ADE12AE68D5F008EBFD8 /* UserData.swift */; };
		7596ADE42AE68D64008EBFD8 /* Login.swift in Sources */ = {isa = PBXBuildFile; fileRef = 7596ADE32AE68D64008EBFD8 /* Login.swift */; };
		7596ADE62AE68D78008EBFD8 /* Setting.swift in Sources */ = {isa = PBXBuildFile; fileRef = 7596ADE52AE68D78008EBFD8 /* Setting.swift */; };
		7596ADE92AE68EEF008EBFD8 /* FirebaseAuth in Frameworks */ = {isa = PBXBuildFile; productRef = 7596ADE82AE68EEF008EBFD8 /* FirebaseAuth */; };
		7596ADEC2AE68F23008EBFD8 /* GoogleSignIn in Frameworks */ = {isa = PBXBuildFile; productRef = 7596ADEB2AE68F23008EBFD8 /* GoogleSignIn */; };
		7596ADEE2AE68F23008EBFD8 /* GoogleSignInSwift in Frameworks */ = {isa = PBXBuildFile; productRef = 7596ADED2AE68F23008EBFD8 /* GoogleSignInSwift */; };
		7596ADF12AE68FCD008EBFD8 /* FirebaseMessaging in Frameworks */ = {isa = PBXBuildFile; productRef = 7596ADF02AE68FCD008EBFD8 /* FirebaseMessaging */; };
		7596ADF32AE68FE5008EBFD8 /* FirebaseAnalytics in Frameworks */ = {isa = PBXBuildFile; productRef = 7596ADF22AE68FE5008EBFD8 /* FirebaseAnalytics */; };
		D736C7E62AD80B0F00C0A6BD /* PagingScrollView.swift in Sources */ = {isa = PBXBuildFile; fileRef = D736C7E52AD80B0F00C0A6BD /* PagingScrollView.swift */; };
		D736C7EB2AD80B7400C0A6BD /* DiaryModel.swift in Sources */ = {isa = PBXBuildFile; fileRef = D736C7EA2AD80B7400C0A6BD /* DiaryModel.swift */; };
		D736C7EE2AD80B9200C0A6BD /* PageControl.swift in Sources */ = {isa = PBXBuildFile; fileRef = D736C7ED2AD80B9200C0A6BD /* PageControl.swift */; };
		D736C7F02AD80BA500C0A6BD /* DiaryView.swift in Sources */ = {isa = PBXBuildFile; fileRef = D736C7EF2AD80BA500C0A6BD /* DiaryView.swift */; };
		D736C7F22AD80BDA00C0A6BD /* PrettyHScrollView.swift in Sources */ = {isa = PBXBuildFile; fileRef = D736C7F12AD80BDA00C0A6BD /* PrettyHScrollView.swift */; };
		D736C7F92AD80D3F00C0A6BD /* FrameModifier.swift in Sources */ = {isa = PBXBuildFile; fileRef = D736C7F82AD80D3F00C0A6BD /* FrameModifier.swift */; };
		D736C7FC2AD80D9C00C0A6BD /* View+Ext.swift in Sources */ = {isa = PBXBuildFile; fileRef = D736C7FB2AD80D9C00C0A6BD /* View+Ext.swift */; };
		D736C8032AD81E0F00C0A6BD /* HomeViewTest.swift in Sources */ = {isa = PBXBuildFile; fileRef = D736C8022AD81E0F00C0A6BD /* HomeViewTest.swift */; };
		D771E9F82AE142DB007E3EB6 /* Color+Ext.swift in Sources */ = {isa = PBXBuildFile; fileRef = D771E9F72AE142DB007E3EB6 /* Color+Ext.swift */; };
		D771E9FA2AE1444A007E3EB6 /* HomeView.swift in Sources */ = {isa = PBXBuildFile; fileRef = D771E9F92AE1444A007E3EB6 /* HomeView.swift */; };
/* End PBXBuildFile section */

/* Begin PBXContainerItemProxy section */
		4DF4F3F32ABC5A1D00D66126 /* PBXContainerItemProxy */ = {
			isa = PBXContainerItemProxy;
			containerPortal = 4DF4F3DA2ABC5A1B00D66126 /* Project object */;
			proxyType = 1;
			remoteGlobalIDString = 4DF4F3E12ABC5A1B00D66126;
			remoteInfo = b8ndDiary;
		};
		4DF4F3FD2ABC5A1D00D66126 /* PBXContainerItemProxy */ = {
			isa = PBXContainerItemProxy;
			containerPortal = 4DF4F3DA2ABC5A1B00D66126 /* Project object */;
			proxyType = 1;
			remoteGlobalIDString = 4DF4F3E12ABC5A1B00D66126;
			remoteInfo = b8ndDiary;
		};
/* End PBXContainerItemProxy section */

/* Begin PBXFileReference section */
		45DC779A2AD6B40A00A7DAA4 /* PostButtonView.swift */ = {isa = PBXFileReference; lastKnownFileType = sourcecode.swift; path = PostButtonView.swift; sourceTree = "<group>"; };
		45DC779D2AD6B43800A7DAA4 /* ToolbarView.swift */ = {isa = PBXFileReference; lastKnownFileType = sourcecode.swift; path = ToolbarView.swift; sourceTree = "<group>"; };
		45DC77A12AD6B46B00A7DAA4 /* HScrollView.swift */ = {isa = PBXFileReference; lastKnownFileType = sourcecode.swift; path = HScrollView.swift; sourceTree = "<group>"; };
		45DC77A42AD6B49300A7DAA4 /* DayView.swift */ = {isa = PBXFileReference; lastKnownFileType = sourcecode.swift; path = DayView.swift; sourceTree = "<group>"; };
		45DC77A72AD6B4AF00A7DAA4 /* ShowDiaryView.swift */ = {isa = PBXFileReference; lastKnownFileType = sourcecode.swift; path = ShowDiaryView.swift; sourceTree = "<group>"; };
		45DC77AB2AD6B4D500A7DAA4 /* DiaryCell.swift */ = {isa = PBXFileReference; lastKnownFileType = sourcecode.swift; path = DiaryCell.swift; sourceTree = "<group>"; };
		45DC77AE2AD6B50700A7DAA4 /* ClickCell.swift */ = {isa = PBXFileReference; lastKnownFileType = sourcecode.swift; path = ClickCell.swift; sourceTree = "<group>"; };
		45DC77B02AD6B51900A7DAA4 /* ClickDiaryView.swift */ = {isa = PBXFileReference; lastKnownFileType = sourcecode.swift; path = ClickDiaryView.swift; sourceTree = "<group>"; };
		45DC77BF2AD8124900A7DAA4 /* Pretendard-Bold.otf */ = {isa = PBXFileReference; lastKnownFileType = file; path = "Pretendard-Bold.otf"; sourceTree = "<group>"; };
		45DC77C02AD8124900A7DAA4 /* Pretendard-SemiBold.otf */ = {isa = PBXFileReference; lastKnownFileType = file; path = "Pretendard-SemiBold.otf"; sourceTree = "<group>"; };
		45DC77C12AD8124A00A7DAA4 /* Pretendard-Thin.otf */ = {isa = PBXFileReference; lastKnownFileType = file; path = "Pretendard-Thin.otf"; sourceTree = "<group>"; };
		45DC77C22AD8124A00A7DAA4 /* Pretendard-Light.otf */ = {isa = PBXFileReference; lastKnownFileType = file; path = "Pretendard-Light.otf"; sourceTree = "<group>"; };
		45DC77C32AD8124A00A7DAA4 /* Pretendard-ExtraLight.otf */ = {isa = PBXFileReference; lastKnownFileType = file; path = "Pretendard-ExtraLight.otf"; sourceTree = "<group>"; };
		45DC77C42AD8124A00A7DAA4 /* Pretendard-Black.otf */ = {isa = PBXFileReference; lastKnownFileType = file; path = "Pretendard-Black.otf"; sourceTree = "<group>"; };
		45DC77C52AD8124A00A7DAA4 /* Pretendard-Regular.otf */ = {isa = PBXFileReference; lastKnownFileType = file; path = "Pretendard-Regular.otf"; sourceTree = "<group>"; };
		45DC77C62AD8124B00A7DAA4 /* Pretendard-ExtraBold.otf */ = {isa = PBXFileReference; lastKnownFileType = file; path = "Pretendard-ExtraBold.otf"; sourceTree = "<group>"; };
		45DC77C72AD8124B00A7DAA4 /* Pretendard-Medium.otf */ = {isa = PBXFileReference; lastKnownFileType = file; path = "Pretendard-Medium.otf"; sourceTree = "<group>"; };
		45E996A72AE689E000F3CDFF /* UINavigationController + Ext.swift */ = {isa = PBXFileReference; lastKnownFileType = sourcecode.swift; path = "UINavigationController + Ext.swift"; sourceTree = "<group>"; };
		45E996A92AE73A8600F3CDFF /* CornerRadius+Ext.swift */ = {isa = PBXFileReference; lastKnownFileType = sourcecode.swift; path = "CornerRadius+Ext.swift"; sourceTree = "<group>"; };
		4DF4F3E22ABC5A1B00D66126 /* b8ndDiary.app */ = {isa = PBXFileReference; explicitFileType = wrapper.application; includeInIndex = 0; path = b8ndDiary.app; sourceTree = BUILT_PRODUCTS_DIR; };
		4DF4F3E52ABC5A1B00D66126 /* b8ndDiaryApp.swift */ = {isa = PBXFileReference; lastKnownFileType = sourcecode.swift; path = b8ndDiaryApp.swift; sourceTree = "<group>"; };
		4DF4F3E72ABC5A1B00D66126 /* ContentView.swift */ = {isa = PBXFileReference; lastKnownFileType = sourcecode.swift; path = ContentView.swift; sourceTree = "<group>"; };
		4DF4F3E92ABC5A1C00D66126 /* Assets.xcassets */ = {isa = PBXFileReference; lastKnownFileType = folder.assetcatalog; path = Assets.xcassets; sourceTree = "<group>"; };
		4DF4F3EC2ABC5A1C00D66126 /* Preview Assets.xcassets */ = {isa = PBXFileReference; lastKnownFileType = folder.assetcatalog; path = "Preview Assets.xcassets"; sourceTree = "<group>"; };
		4DF4F3F22ABC5A1D00D66126 /* b8ndDiaryTests.xctest */ = {isa = PBXFileReference; explicitFileType = wrapper.cfbundle; includeInIndex = 0; path = b8ndDiaryTests.xctest; sourceTree = BUILT_PRODUCTS_DIR; };
		4DF4F3F62ABC5A1D00D66126 /* b8ndDiaryTests.swift */ = {isa = PBXFileReference; lastKnownFileType = sourcecode.swift; path = b8ndDiaryTests.swift; sourceTree = "<group>"; };
		4DF4F3FC2ABC5A1D00D66126 /* b8ndDiaryUITests.xctest */ = {isa = PBXFileReference; explicitFileType = wrapper.cfbundle; includeInIndex = 0; path = b8ndDiaryUITests.xctest; sourceTree = BUILT_PRODUCTS_DIR; };
		4DF4F4002ABC5A1D00D66126 /* b8ndDiaryUITests.swift */ = {isa = PBXFileReference; lastKnownFileType = sourcecode.swift; path = b8ndDiaryUITests.swift; sourceTree = "<group>"; };
		4DF4F4022ABC5A1D00D66126 /* b8ndDiaryUITestsLaunchTests.swift */ = {isa = PBXFileReference; lastKnownFileType = sourcecode.swift; path = b8ndDiaryUITestsLaunchTests.swift; sourceTree = "<group>"; };
		4DFEB1762ACD952300343927 /* ProfileView.swift */ = {isa = PBXFileReference; lastKnownFileType = sourcecode.swift; path = ProfileView.swift; sourceTree = "<group>"; };
		4DFEB1782ACD952900343927 /* LoginView.swift */ = {isa = PBXFileReference; lastKnownFileType = sourcecode.swift; path = LoginView.swift; sourceTree = "<group>"; };
		4DFEB17A2ACD954100343927 /* PostView.swift */ = {isa = PBXFileReference; lastKnownFileType = sourcecode.swift; path = PostView.swift; sourceTree = "<group>"; };
		4DFEB17C2ACD954500343927 /* SettingView.swift */ = {isa = PBXFileReference; lastKnownFileType = sourcecode.swift; path = SettingView.swift; sourceTree = "<group>"; };
		4DFEB1802ACD955800343927 /* thisisdata.swift */ = {isa = PBXFileReference; lastKnownFileType = sourcecode.swift; path = thisisdata.swift; sourceTree = "<group>"; };
		7596ADD52AE68D1C008EBFD8 /* GoogleService-Info.plist */ = {isa = PBXFileReference; fileEncoding = 4; lastKnownFileType = text.plist.xml; path = "GoogleService-Info.plist"; sourceTree = "<group>"; };
		7596ADD72AE68D3C008EBFD8 /* MyPageView.swift */ = {isa = PBXFileReference; fileEncoding = 4; lastKnownFileType = sourcecode.swift; path = MyPageView.swift; sourceTree = "<group>"; };
		7596ADD92AE68D41008EBFD8 /* UserPage.swift */ = {isa = PBXFileReference; fileEncoding = 4; lastKnownFileType = sourcecode.swift; path = UserPage.swift; sourceTree = "<group>"; };
		7596ADDB2AE68D47008EBFD8 /* MonthPage.swift */ = {isa = PBXFileReference; fileEncoding = 4; lastKnownFileType = sourcecode.swift; path = MonthPage.swift; sourceTree = "<group>"; };
		7596ADDD2AE68D4E008EBFD8 /* YearCalendar.swift */ = {isa = PBXFileReference; fileEncoding = 4; lastKnownFileType = sourcecode.swift; path = YearCalendar.swift; sourceTree = "<group>"; };
		7596ADDF2AE68D5A008EBFD8 /* GoogleSignIn.swift */ = {isa = PBXFileReference; fileEncoding = 4; lastKnownFileType = sourcecode.swift; path = GoogleSignIn.swift; sourceTree = "<group>"; };
		7596ADE12AE68D5F008EBFD8 /* UserData.swift */ = {isa = PBXFileReference; fileEncoding = 4; lastKnownFileType = sourcecode.swift; path = UserData.swift; sourceTree = "<group>"; };
		7596ADE32AE68D64008EBFD8 /* Login.swift */ = {isa = PBXFileReference; fileEncoding = 4; lastKnownFileType = sourcecode.swift; path = Login.swift; sourceTree = "<group>"; };
		7596ADE52AE68D78008EBFD8 /* Setting.swift */ = {isa = PBXFileReference; fileEncoding = 4; lastKnownFileType = sourcecode.swift; path = Setting.swift; sourceTree = "<group>"; };
		D736C7E52AD80B0F00C0A6BD /* PagingScrollView.swift */ = {isa = PBXFileReference; lastKnownFileType = sourcecode.swift; path = PagingScrollView.swift; sourceTree = "<group>"; };
		D736C7EA2AD80B7400C0A6BD /* DiaryModel.swift */ = {isa = PBXFileReference; lastKnownFileType = sourcecode.swift; path = DiaryModel.swift; sourceTree = "<group>"; };
		D736C7ED2AD80B9200C0A6BD /* PageControl.swift */ = {isa = PBXFileReference; lastKnownFileType = sourcecode.swift; path = PageControl.swift; sourceTree = "<group>"; };
		D736C7EF2AD80BA500C0A6BD /* DiaryView.swift */ = {isa = PBXFileReference; lastKnownFileType = sourcecode.swift; path = DiaryView.swift; sourceTree = "<group>"; };
		D736C7F12AD80BDA00C0A6BD /* PrettyHScrollView.swift */ = {isa = PBXFileReference; lastKnownFileType = sourcecode.swift; path = PrettyHScrollView.swift; sourceTree = "<group>"; };
		D736C7F82AD80D3F00C0A6BD /* FrameModifier.swift */ = {isa = PBXFileReference; lastKnownFileType = sourcecode.swift; path = FrameModifier.swift; sourceTree = "<group>"; };
		D736C7FB2AD80D9C00C0A6BD /* View+Ext.swift */ = {isa = PBXFileReference; lastKnownFileType = sourcecode.swift; path = "View+Ext.swift"; sourceTree = "<group>"; };
		D736C8022AD81E0F00C0A6BD /* HomeViewTest.swift */ = {isa = PBXFileReference; lastKnownFileType = sourcecode.swift; path = HomeViewTest.swift; sourceTree = "<group>"; };
		D771E9F72AE142DB007E3EB6 /* Color+Ext.swift */ = {isa = PBXFileReference; fileEncoding = 4; lastKnownFileType = sourcecode.swift; path = "Color+Ext.swift"; sourceTree = "<group>"; };
		D771E9F92AE1444A007E3EB6 /* HomeView.swift */ = {isa = PBXFileReference; fileEncoding = 4; lastKnownFileType = sourcecode.swift; path = HomeView.swift; sourceTree = "<group>"; };
/* End PBXFileReference section */

/* Begin PBXFrameworksBuildPhase section */
		4DF4F3DF2ABC5A1B00D66126 /* Frameworks */ = {
			isa = PBXFrameworksBuildPhase;
			buildActionMask = 2147483647;
			files = (
				7596ADF12AE68FCD008EBFD8 /* FirebaseMessaging in Frameworks */,
				7596ADEE2AE68F23008EBFD8 /* GoogleSignInSwift in Frameworks */,
				7596ADE92AE68EEF008EBFD8 /* FirebaseAuth in Frameworks */,
				7596ADF32AE68FE5008EBFD8 /* FirebaseAnalytics in Frameworks */,
				7596ADEC2AE68F23008EBFD8 /* GoogleSignIn in Frameworks */,
			);
			runOnlyForDeploymentPostprocessing = 0;
		};
		4DF4F3EF2ABC5A1D00D66126 /* Frameworks */ = {
			isa = PBXFrameworksBuildPhase;
			buildActionMask = 2147483647;
			files = (
			);
			runOnlyForDeploymentPostprocessing = 0;
		};
		4DF4F3F92ABC5A1D00D66126 /* Frameworks */ = {
			isa = PBXFrameworksBuildPhase;
			buildActionMask = 2147483647;
			files = (
			);
			runOnlyForDeploymentPostprocessing = 0;
		};
/* End PBXFrameworksBuildPhase section */

/* Begin PBXGroup section */
		45DC779C2AD6B42A00A7DAA4 /* Toolbar */ = {
			isa = PBXGroup;
			children = (
				45DC779D2AD6B43800A7DAA4 /* ToolbarView.swift */,
			);
			path = Toolbar;
			sourceTree = "<group>";
		};
		45DC77A02AD6B45000A7DAA4 /* HScrollView */ = {
			isa = PBXGroup;
			children = (
				45DC77A12AD6B46B00A7DAA4 /* HScrollView.swift */,
			);
			path = HScrollView;
			sourceTree = "<group>";
		};
		45DC77A32AD6B48500A7DAA4 /* Day */ = {
			isa = PBXGroup;
			children = (
				45DC77A42AD6B49300A7DAA4 /* DayView.swift */,
			);
			path = Day;
			sourceTree = "<group>";
		};
		45DC77A62AD6B4A000A7DAA4 /* Diary */ = {
			isa = PBXGroup;
			children = (
				45DC77A72AD6B4AF00A7DAA4 /* ShowDiaryView.swift */,
				45DC77AB2AD6B4D500A7DAA4 /* DiaryCell.swift */,
			);
			path = Diary;
			sourceTree = "<group>";
		};
		45DC77AD2AD6B4FB00A7DAA4 /* Click */ = {
			isa = PBXGroup;
			children = (
				45DC77B02AD6B51900A7DAA4 /* ClickDiaryView.swift */,
				45DC77AE2AD6B50700A7DAA4 /* ClickCell.swift */,
			);
			path = Click;
			sourceTree = "<group>";
		};
		45DC77BE2AD8122C00A7DAA4 /* Fonts */ = {
			isa = PBXGroup;
			children = (
				45DC77C42AD8124A00A7DAA4 /* Pretendard-Black.otf */,
				45DC77BF2AD8124900A7DAA4 /* Pretendard-Bold.otf */,
				45DC77C62AD8124B00A7DAA4 /* Pretendard-ExtraBold.otf */,
				45DC77C32AD8124A00A7DAA4 /* Pretendard-ExtraLight.otf */,
				45DC77C22AD8124A00A7DAA4 /* Pretendard-Light.otf */,
				45DC77C72AD8124B00A7DAA4 /* Pretendard-Medium.otf */,
				45DC77C52AD8124A00A7DAA4 /* Pretendard-Regular.otf */,
				45DC77C02AD8124900A7DAA4 /* Pretendard-SemiBold.otf */,
				45DC77C12AD8124A00A7DAA4 /* Pretendard-Thin.otf */,
			);
			path = Fonts;
			sourceTree = "<group>";
		};
		4D3409FE2ABD502700B465FF /* View */ = {
			isa = PBXGroup;
			children = (
				4DFEB1732ACD93AF00343927 /* Profile */,
				4DFEB1712ACD92BF00343927 /* Login */,
				4DDF8ACF2ACD8721003516A2 /* Post */,
				4DDF8ACE2ACD8719003516A2 /* Setting */,
				4DDF8ACD2ACD8711003516A2 /* Home */,
			);
			path = View;
			sourceTree = "<group>";
		};
		4D3409FF2ABD502D00B465FF /* Data */ = {
			isa = PBXGroup;
			children = (
				D736C7E92AD80B6C00C0A6BD /* Model */,
				4DFEB1802ACD955800343927 /* thisisdata.swift */,
			);
			path = Data;
			sourceTree = "<group>";
		};
		4DDF8ACD2ACD8711003516A2 /* Home */ = {
			isa = PBXGroup;
			children = (
				D771E9F92AE1444A007E3EB6 /* HomeView.swift */,
				D736C7EC2AD80B7D00C0A6BD /* Elements */,
				D736C8022AD81E0F00C0A6BD /* HomeViewTest.swift */,
				45DC779C2AD6B42A00A7DAA4 /* Toolbar */,
				45DC77A02AD6B45000A7DAA4 /* HScrollView */,
				45DC77A32AD6B48500A7DAA4 /* Day */,
				45DC77A62AD6B4A000A7DAA4 /* Diary */,
				45DC77AD2AD6B4FB00A7DAA4 /* Click */,
			);
			path = Home;
			sourceTree = "<group>";
		};
		4DDF8ACE2ACD8719003516A2 /* Setting */ = {
			isa = PBXGroup;
			children = (
				4DFEB17C2ACD954500343927 /* SettingView.swift */,
				7596ADE52AE68D78008EBFD8 /* Setting.swift */,
			);
			path = Setting;
			sourceTree = "<group>";
		};
		4DDF8ACF2ACD8721003516A2 /* Post */ = {
			isa = PBXGroup;
			children = (
				4DFEB17A2ACD954100343927 /* PostView.swift */,
				45DC779A2AD6B40A00A7DAA4 /* PostButtonView.swift */,
			);
			path = Post;
			sourceTree = "<group>";
		};
		4DF4F3D92ABC5A1B00D66126 = {
			isa = PBXGroup;
			children = (
				45DC77BE2AD8122C00A7DAA4 /* Fonts */,
				4DF4F3E42ABC5A1B00D66126 /* b8ndDiary */,
				4DF4F3F52ABC5A1D00D66126 /* b8ndDiaryTests */,
				4DF4F3FF2ABC5A1D00D66126 /* b8ndDiaryUITests */,
				4DF4F3E92ABC5A1C00D66126 /* Assets.xcassets */,
				4DF4F3E32ABC5A1B00D66126 /* Products */,
				7596ADEF2AE68FCD008EBFD8 /* Frameworks */,
			);
			sourceTree = "<group>";
		};
		4DF4F3E32ABC5A1B00D66126 /* Products */ = {
			isa = PBXGroup;
			children = (
				4DF4F3E22ABC5A1B00D66126 /* b8ndDiary.app */,
				4DF4F3F22ABC5A1D00D66126 /* b8ndDiaryTests.xctest */,
				4DF4F3FC2ABC5A1D00D66126 /* b8ndDiaryUITests.xctest */,
			);
			name = Products;
			sourceTree = "<group>";
		};
		4DF4F3E42ABC5A1B00D66126 /* b8ndDiary */ = {
			isa = PBXGroup;
			children = (
				7596ADD52AE68D1C008EBFD8 /* GoogleService-Info.plist */,
				D736C7FA2AD80D4700C0A6BD /* Common */,
				D736C7F72AD80D3100C0A6BD /* Extensions */,
				4DF4F3E52ABC5A1B00D66126 /* b8ndDiaryApp.swift */,
				4DF4F3E72ABC5A1B00D66126 /* ContentView.swift */,
				4D3409FF2ABD502D00B465FF /* Data */,
				4D3409FE2ABD502700B465FF /* View */,
				4DF4F3EB2ABC5A1C00D66126 /* Preview Content */,
			);
			path = b8ndDiary;
			sourceTree = "<group>";
		};
		4DF4F3EB2ABC5A1C00D66126 /* Preview Content */ = {
			isa = PBXGroup;
			children = (
				4DF4F3EC2ABC5A1C00D66126 /* Preview Assets.xcassets */,
			);
			path = "Preview Content";
			sourceTree = "<group>";
		};
		4DF4F3F52ABC5A1D00D66126 /* b8ndDiaryTests */ = {
			isa = PBXGroup;
			children = (
				4DF4F3F62ABC5A1D00D66126 /* b8ndDiaryTests.swift */,
			);
			path = b8ndDiaryTests;
			sourceTree = "<group>";
		};
		4DF4F3FF2ABC5A1D00D66126 /* b8ndDiaryUITests */ = {
			isa = PBXGroup;
			children = (
				4DF4F4002ABC5A1D00D66126 /* b8ndDiaryUITests.swift */,
				4DF4F4022ABC5A1D00D66126 /* b8ndDiaryUITestsLaunchTests.swift */,
			);
			path = b8ndDiaryUITests;
			sourceTree = "<group>";
		};
		4DFEB1712ACD92BF00343927 /* Login */ = {
			isa = PBXGroup;
			children = (
				4DFEB1782ACD952900343927 /* LoginView.swift */,
				7596ADDF2AE68D5A008EBFD8 /* GoogleSignIn.swift */,
				7596ADE12AE68D5F008EBFD8 /* UserData.swift */,
				7596ADE32AE68D64008EBFD8 /* Login.swift */,
			);
			path = Login;
			sourceTree = "<group>";
		};
		4DFEB1732ACD93AF00343927 /* Profile */ = {
			isa = PBXGroup;
			children = (
				4DFEB1762ACD952300343927 /* ProfileView.swift */,
				7596ADD72AE68D3C008EBFD8 /* MyPageView.swift */,
				7596ADD92AE68D41008EBFD8 /* UserPage.swift */,
				7596ADDB2AE68D47008EBFD8 /* MonthPage.swift */,
				7596ADDD2AE68D4E008EBFD8 /* YearCalendar.swift */,
			);
			path = Profile;
			sourceTree = "<group>";
		};
		7596ADEF2AE68FCD008EBFD8 /* Frameworks */ = {
			isa = PBXGroup;
			children = (
			);
			name = Frameworks;
			sourceTree = "<group>";
		};
		D736C7E92AD80B6C00C0A6BD /* Model */ = {
			isa = PBXGroup;
			children = (
				D736C7EA2AD80B7400C0A6BD /* DiaryModel.swift */,
			);
			path = Model;
			sourceTree = "<group>";
		};
		D736C7EC2AD80B7D00C0A6BD /* Elements */ = {
			isa = PBXGroup;
			children = (
				D736C7ED2AD80B9200C0A6BD /* PageControl.swift */,
				D736C7EF2AD80BA500C0A6BD /* DiaryView.swift */,
				D736C7F12AD80BDA00C0A6BD /* PrettyHScrollView.swift */,
				D736C7E52AD80B0F00C0A6BD /* PagingScrollView.swift */,
			);
			path = Elements;
			sourceTree = "<group>";
		};
		D736C7F72AD80D3100C0A6BD /* Extensions */ = {
			isa = PBXGroup;
			children = (
				D771E9F72AE142DB007E3EB6 /* Color+Ext.swift */,
				D736C7FB2AD80D9C00C0A6BD /* View+Ext.swift */,
				45E996A72AE689E000F3CDFF /* UINavigationController + Ext.swift */,
				45E996A92AE73A8600F3CDFF /* CornerRadius+Ext.swift */,
			);
			path = Extensions;
			sourceTree = "<group>";
		};
		D736C7FA2AD80D4700C0A6BD /* Common */ = {
			isa = PBXGroup;
			children = (
				D736C7F82AD80D3F00C0A6BD /* FrameModifier.swift */,
			);
			path = Common;
			sourceTree = "<group>";
		};
/* End PBXGroup section */

/* Begin PBXNativeTarget section */
		4DF4F3E12ABC5A1B00D66126 /* b8ndDiary */ = {
			isa = PBXNativeTarget;
			buildConfigurationList = 4DF4F4062ABC5A1D00D66126 /* Build configuration list for PBXNativeTarget "b8ndDiary" */;
			buildPhases = (
				4DF4F3DE2ABC5A1B00D66126 /* Sources */,
				4DF4F3DF2ABC5A1B00D66126 /* Frameworks */,
				4DF4F3E02ABC5A1B00D66126 /* Resources */,
			);
			buildRules = (
			);
			dependencies = (
			);
			name = b8ndDiary;
			packageProductDependencies = (
				7596ADE82AE68EEF008EBFD8 /* FirebaseAuth */,
				7596ADEB2AE68F23008EBFD8 /* GoogleSignIn */,
				7596ADED2AE68F23008EBFD8 /* GoogleSignInSwift */,
				7596ADF02AE68FCD008EBFD8 /* FirebaseMessaging */,
				7596ADF22AE68FE5008EBFD8 /* FirebaseAnalytics */,
			);
			productName = b8ndDiary;
			productReference = 4DF4F3E22ABC5A1B00D66126 /* b8ndDiary.app */;
			productType = "com.apple.product-type.application";
		};
		4DF4F3F12ABC5A1D00D66126 /* b8ndDiaryTests */ = {
			isa = PBXNativeTarget;
			buildConfigurationList = 4DF4F4092ABC5A1D00D66126 /* Build configuration list for PBXNativeTarget "b8ndDiaryTests" */;
			buildPhases = (
				4DF4F3EE2ABC5A1D00D66126 /* Sources */,
				4DF4F3EF2ABC5A1D00D66126 /* Frameworks */,
				4DF4F3F02ABC5A1D00D66126 /* Resources */,
			);
			buildRules = (
			);
			dependencies = (
				4DF4F3F42ABC5A1D00D66126 /* PBXTargetDependency */,
			);
			name = b8ndDiaryTests;
			productName = b8ndDiaryTests;
			productReference = 4DF4F3F22ABC5A1D00D66126 /* b8ndDiaryTests.xctest */;
			productType = "com.apple.product-type.bundle.unit-test";
		};
		4DF4F3FB2ABC5A1D00D66126 /* b8ndDiaryUITests */ = {
			isa = PBXNativeTarget;
			buildConfigurationList = 4DF4F40C2ABC5A1D00D66126 /* Build configuration list for PBXNativeTarget "b8ndDiaryUITests" */;
			buildPhases = (
				4DF4F3F82ABC5A1D00D66126 /* Sources */,
				4DF4F3F92ABC5A1D00D66126 /* Frameworks */,
				4DF4F3FA2ABC5A1D00D66126 /* Resources */,
			);
			buildRules = (
			);
			dependencies = (
				4DF4F3FE2ABC5A1D00D66126 /* PBXTargetDependency */,
			);
			name = b8ndDiaryUITests;
			productName = b8ndDiaryUITests;
			productReference = 4DF4F3FC2ABC5A1D00D66126 /* b8ndDiaryUITests.xctest */;
			productType = "com.apple.product-type.bundle.ui-testing";
		};
/* End PBXNativeTarget section */

/* Begin PBXProject section */
		4DF4F3DA2ABC5A1B00D66126 /* Project object */ = {
			isa = PBXProject;
			attributes = {
				BuildIndependentTargetsInParallel = 1;
				LastSwiftUpdateCheck = 1430;
				LastUpgradeCheck = 1500;
				TargetAttributes = {
					4DF4F3E12ABC5A1B00D66126 = {
						CreatedOnToolsVersion = 14.3.1;
					};
					4DF4F3F12ABC5A1D00D66126 = {
						CreatedOnToolsVersion = 14.3.1;
						TestTargetID = 4DF4F3E12ABC5A1B00D66126;
					};
					4DF4F3FB2ABC5A1D00D66126 = {
						CreatedOnToolsVersion = 14.3.1;
						TestTargetID = 4DF4F3E12ABC5A1B00D66126;
					};
				};
			};
			buildConfigurationList = 4DF4F3DD2ABC5A1B00D66126 /* Build configuration list for PBXProject "b8ndDiary" */;
			compatibilityVersion = "Xcode 14.0";
			developmentRegion = en;
			hasScannedForEncodings = 0;
			knownRegions = (
				en,
				Base,
			);
			mainGroup = 4DF4F3D92ABC5A1B00D66126;
			packageReferences = (
				7596ADE72AE68EEF008EBFD8 /* XCRemoteSwiftPackageReference "firebase-ios-sdk" */,
				7596ADEA2AE68F23008EBFD8 /* XCRemoteSwiftPackageReference "GoogleSignIn-iOS" */,
			);
			productRefGroup = 4DF4F3E32ABC5A1B00D66126 /* Products */;
			projectDirPath = "";
			projectRoot = "";
			targets = (
				4DF4F3E12ABC5A1B00D66126 /* b8ndDiary */,
				4DF4F3F12ABC5A1D00D66126 /* b8ndDiaryTests */,
				4DF4F3FB2ABC5A1D00D66126 /* b8ndDiaryUITests */,
			);
		};
/* End PBXProject section */

/* Begin PBXResourcesBuildPhase section */
		4DF4F3E02ABC5A1B00D66126 /* Resources */ = {
			isa = PBXResourcesBuildPhase;
			buildActionMask = 2147483647;
			files = (
				7596ADD62AE68D1C008EBFD8 /* GoogleService-Info.plist in Resources */,
				45DC77CC2AD8124B00A7DAA4 /* Pretendard-ExtraLight.otf in Resources */,
				4DF4F3ED2ABC5A1C00D66126 /* Preview Assets.xcassets in Resources */,
				45DC77CF2AD8124B00A7DAA4 /* Pretendard-ExtraBold.otf in Resources */,
				45DC77CA2AD8124B00A7DAA4 /* Pretendard-Thin.otf in Resources */,
				45DC77C82AD8124B00A7DAA4 /* Pretendard-Bold.otf in Resources */,
				45DC77CE2AD8124B00A7DAA4 /* Pretendard-Regular.otf in Resources */,
				4DF4F3EA2ABC5A1C00D66126 /* Assets.xcassets in Resources */,
				45DC77C92AD8124B00A7DAA4 /* Pretendard-SemiBold.otf in Resources */,
				45DC77CD2AD8124B00A7DAA4 /* Pretendard-Black.otf in Resources */,
				45DC77CB2AD8124B00A7DAA4 /* Pretendard-Light.otf in Resources */,
				45DC77D02AD8124B00A7DAA4 /* Pretendard-Medium.otf in Resources */,
			);
			runOnlyForDeploymentPostprocessing = 0;
		};
		4DF4F3F02ABC5A1D00D66126 /* Resources */ = {
			isa = PBXResourcesBuildPhase;
			buildActionMask = 2147483647;
			files = (
			);
			runOnlyForDeploymentPostprocessing = 0;
		};
		4DF4F3FA2ABC5A1D00D66126 /* Resources */ = {
			isa = PBXResourcesBuildPhase;
			buildActionMask = 2147483647;
			files = (
			);
			runOnlyForDeploymentPostprocessing = 0;
		};
/* End PBXResourcesBuildPhase section */

/* Begin PBXSourcesBuildPhase section */
		4DF4F3DE2ABC5A1B00D66126 /* Sources */ = {
			isa = PBXSourcesBuildPhase;
			buildActionMask = 2147483647;
			files = (
				45DC779E2AD6B43800A7DAA4 /* ToolbarView.swift in Sources */,
				45DC77A82AD6B4AF00A7DAA4 /* ShowDiaryView.swift in Sources */,
				7596ADE22AE68D5F008EBFD8 /* UserData.swift in Sources */,
				4DF4F3E82ABC5A1B00D66126 /* ContentView.swift in Sources */,
				D736C7EB2AD80B7400C0A6BD /* DiaryModel.swift in Sources */,
				4DFEB1812ACD955800343927 /* thisisdata.swift in Sources */,
				7596ADDC2AE68D47008EBFD8 /* MonthPage.swift in Sources */,
				D736C7EE2AD80B9200C0A6BD /* PageControl.swift in Sources */,
				D736C8032AD81E0F00C0A6BD /* HomeViewTest.swift in Sources */,
				7596ADE42AE68D64008EBFD8 /* Login.swift in Sources */,
				D736C7F92AD80D3F00C0A6BD /* FrameModifier.swift in Sources */,
				45DC77AC2AD6B4D500A7DAA4 /* DiaryCell.swift in Sources */,
				45DC77A52AD6B49300A7DAA4 /* DayView.swift in Sources */,
				7596ADE02AE68D5A008EBFD8 /* GoogleSignIn.swift in Sources */,
				D771E9F82AE142DB007E3EB6 /* Color+Ext.swift in Sources */,
				4DFEB1812ACD955800343927 /* thisisdata.swift in Sources */,
				45DC77B12AD6B51900A7DAA4 /* ClickDiaryView.swift in Sources */,
				4DFEB1772ACD952300343927 /* ProfileView.swift in Sources */,
				45DC77A22AD6B46B00A7DAA4 /* HScrollView.swift in Sources */,
				7596ADDE2AE68D4E008EBFD8 /* YearCalendar.swift in Sources */,
				D771E9FA2AE1444A007E3EB6 /* HomeView.swift in Sources */,
				4DFEB1792ACD952900343927 /* LoginView.swift in Sources */,
				7596ADDA2AE68D41008EBFD8 /* UserPage.swift in Sources */,
				D736C7FC2AD80D9C00C0A6BD /* View+Ext.swift in Sources */,
				45E996A82AE689E000F3CDFF /* UINavigationController + Ext.swift in Sources */,
				4DFEB17D2ACD954500343927 /* SettingView.swift in Sources */,
				D736C7F22AD80BDA00C0A6BD /* PrettyHScrollView.swift in Sources */,
				D736C7F02AD80BA500C0A6BD /* DiaryView.swift in Sources */,
				45E996AA2AE73A8600F3CDFF /* CornerRadius+Ext.swift in Sources */,
				45DC77AF2AD6B50700A7DAA4 /* ClickCell.swift in Sources */,
				4DFEB17B2ACD954100343927 /* PostView.swift in Sources */,
				7596ADD82AE68D3C008EBFD8 /* MyPageView.swift in Sources */,
				45DC779B2AD6B40A00A7DAA4 /* PostButtonView.swift in Sources */,
				4DF4F3E62ABC5A1B00D66126 /* b8ndDiaryApp.swift in Sources */,
				7596ADE62AE68D78008EBFD8 /* Setting.swift in Sources */,
				D736C7E62AD80B0F00C0A6BD /* PagingScrollView.swift in Sources */,
			);
			runOnlyForDeploymentPostprocessing = 0;
		};
		4DF4F3EE2ABC5A1D00D66126 /* Sources */ = {
			isa = PBXSourcesBuildPhase;
			buildActionMask = 2147483647;
			files = (
				4DF4F3F72ABC5A1D00D66126 /* b8ndDiaryTests.swift in Sources */,
			);
			runOnlyForDeploymentPostprocessing = 0;
		};
		4DF4F3F82ABC5A1D00D66126 /* Sources */ = {
			isa = PBXSourcesBuildPhase;
			buildActionMask = 2147483647;
			files = (
				4DF4F4032ABC5A1D00D66126 /* b8ndDiaryUITestsLaunchTests.swift in Sources */,
				4DF4F4012ABC5A1D00D66126 /* b8ndDiaryUITests.swift in Sources */,
			);
			runOnlyForDeploymentPostprocessing = 0;
		};
/* End PBXSourcesBuildPhase section */

/* Begin PBXTargetDependency section */
		4DF4F3F42ABC5A1D00D66126 /* PBXTargetDependency */ = {
			isa = PBXTargetDependency;
			target = 4DF4F3E12ABC5A1B00D66126 /* b8ndDiary */;
			targetProxy = 4DF4F3F32ABC5A1D00D66126 /* PBXContainerItemProxy */;
		};
		4DF4F3FE2ABC5A1D00D66126 /* PBXTargetDependency */ = {
			isa = PBXTargetDependency;
			target = 4DF4F3E12ABC5A1B00D66126 /* b8ndDiary */;
			targetProxy = 4DF4F3FD2ABC5A1D00D66126 /* PBXContainerItemProxy */;
		};
/* End PBXTargetDependency section */

/* Begin XCBuildConfiguration section */
		4DF4F4042ABC5A1D00D66126 /* Debug */ = {
			isa = XCBuildConfiguration;
			buildSettings = {
				ALWAYS_SEARCH_USER_PATHS = NO;
				CLANG_ANALYZER_NONNULL = YES;
				CLANG_ANALYZER_NUMBER_OBJECT_CONVERSION = YES_AGGRESSIVE;
				CLANG_CXX_LANGUAGE_STANDARD = "gnu++20";
				CLANG_ENABLE_MODULES = YES;
				CLANG_ENABLE_OBJC_ARC = YES;
				CLANG_ENABLE_OBJC_WEAK = YES;
				CLANG_WARN_BLOCK_CAPTURE_AUTORELEASING = YES;
				CLANG_WARN_BOOL_CONVERSION = YES;
				CLANG_WARN_COMMA = YES;
				CLANG_WARN_CONSTANT_CONVERSION = YES;
				CLANG_WARN_DEPRECATED_OBJC_IMPLEMENTATIONS = YES;
				CLANG_WARN_DIRECT_OBJC_ISA_USAGE = YES_ERROR;
				CLANG_WARN_DOCUMENTATION_COMMENTS = YES;
				CLANG_WARN_EMPTY_BODY = YES;
				CLANG_WARN_ENUM_CONVERSION = YES;
				CLANG_WARN_INFINITE_RECURSION = YES;
				CLANG_WARN_INT_CONVERSION = YES;
				CLANG_WARN_NON_LITERAL_NULL_CONVERSION = YES;
				CLANG_WARN_OBJC_IMPLICIT_RETAIN_SELF = YES;
				CLANG_WARN_OBJC_LITERAL_CONVERSION = YES;
				CLANG_WARN_OBJC_ROOT_CLASS = YES_ERROR;
				CLANG_WARN_QUOTED_INCLUDE_IN_FRAMEWORK_HEADER = YES;
				CLANG_WARN_RANGE_LOOP_ANALYSIS = YES;
				CLANG_WARN_STRICT_PROTOTYPES = YES;
				CLANG_WARN_SUSPICIOUS_MOVE = YES;
				CLANG_WARN_UNGUARDED_AVAILABILITY = YES_AGGRESSIVE;
				CLANG_WARN_UNREACHABLE_CODE = YES;
				CLANG_WARN__DUPLICATE_METHOD_MATCH = YES;
				COPY_PHASE_STRIP = NO;
				DEBUG_INFORMATION_FORMAT = dwarf;
				ENABLE_STRICT_OBJC_MSGSEND = YES;
				ENABLE_TESTABILITY = YES;
				ENABLE_USER_SCRIPT_SANDBOXING = YES;
				GCC_C_LANGUAGE_STANDARD = gnu11;
				GCC_DYNAMIC_NO_PIC = NO;
				GCC_NO_COMMON_BLOCKS = YES;
				GCC_OPTIMIZATION_LEVEL = 0;
				GCC_PREPROCESSOR_DEFINITIONS = (
					"DEBUG=1",
					"$(inherited)",
				);
				GCC_WARN_64_TO_32_BIT_CONVERSION = YES;
				GCC_WARN_ABOUT_RETURN_TYPE = YES_ERROR;
				GCC_WARN_UNDECLARED_SELECTOR = YES;
				GCC_WARN_UNINITIALIZED_AUTOS = YES_AGGRESSIVE;
				GCC_WARN_UNUSED_FUNCTION = YES;
				GCC_WARN_UNUSED_VARIABLE = YES;
				IPHONEOS_DEPLOYMENT_TARGET = 16.4;
				MTL_ENABLE_DEBUG_INFO = INCLUDE_SOURCE;
				MTL_FAST_MATH = YES;
				ONLY_ACTIVE_ARCH = YES;
				SDKROOT = iphoneos;
				SWIFT_ACTIVE_COMPILATION_CONDITIONS = DEBUG;
				SWIFT_OPTIMIZATION_LEVEL = "-Onone";
			};
			name = Debug;
		};
		4DF4F4052ABC5A1D00D66126 /* Release */ = {
			isa = XCBuildConfiguration;
			buildSettings = {
				ALWAYS_SEARCH_USER_PATHS = NO;
				CLANG_ANALYZER_NONNULL = YES;
				CLANG_ANALYZER_NUMBER_OBJECT_CONVERSION = YES_AGGRESSIVE;
				CLANG_CXX_LANGUAGE_STANDARD = "gnu++20";
				CLANG_ENABLE_MODULES = YES;
				CLANG_ENABLE_OBJC_ARC = YES;
				CLANG_ENABLE_OBJC_WEAK = YES;
				CLANG_WARN_BLOCK_CAPTURE_AUTORELEASING = YES;
				CLANG_WARN_BOOL_CONVERSION = YES;
				CLANG_WARN_COMMA = YES;
				CLANG_WARN_CONSTANT_CONVERSION = YES;
				CLANG_WARN_DEPRECATED_OBJC_IMPLEMENTATIONS = YES;
				CLANG_WARN_DIRECT_OBJC_ISA_USAGE = YES_ERROR;
				CLANG_WARN_DOCUMENTATION_COMMENTS = YES;
				CLANG_WARN_EMPTY_BODY = YES;
				CLANG_WARN_ENUM_CONVERSION = YES;
				CLANG_WARN_INFINITE_RECURSION = YES;
				CLANG_WARN_INT_CONVERSION = YES;
				CLANG_WARN_NON_LITERAL_NULL_CONVERSION = YES;
				CLANG_WARN_OBJC_IMPLICIT_RETAIN_SELF = YES;
				CLANG_WARN_OBJC_LITERAL_CONVERSION = YES;
				CLANG_WARN_OBJC_ROOT_CLASS = YES_ERROR;
				CLANG_WARN_QUOTED_INCLUDE_IN_FRAMEWORK_HEADER = YES;
				CLANG_WARN_RANGE_LOOP_ANALYSIS = YES;
				CLANG_WARN_STRICT_PROTOTYPES = YES;
				CLANG_WARN_SUSPICIOUS_MOVE = YES;
				CLANG_WARN_UNGUARDED_AVAILABILITY = YES_AGGRESSIVE;
				CLANG_WARN_UNREACHABLE_CODE = YES;
				CLANG_WARN__DUPLICATE_METHOD_MATCH = YES;
				COPY_PHASE_STRIP = NO;
				DEBUG_INFORMATION_FORMAT = "dwarf-with-dsym";
				ENABLE_NS_ASSERTIONS = NO;
				ENABLE_STRICT_OBJC_MSGSEND = YES;
				ENABLE_USER_SCRIPT_SANDBOXING = YES;
				GCC_C_LANGUAGE_STANDARD = gnu11;
				GCC_NO_COMMON_BLOCKS = YES;
				GCC_WARN_64_TO_32_BIT_CONVERSION = YES;
				GCC_WARN_ABOUT_RETURN_TYPE = YES_ERROR;
				GCC_WARN_UNDECLARED_SELECTOR = YES;
				GCC_WARN_UNINITIALIZED_AUTOS = YES_AGGRESSIVE;
				GCC_WARN_UNUSED_FUNCTION = YES;
				GCC_WARN_UNUSED_VARIABLE = YES;
				IPHONEOS_DEPLOYMENT_TARGET = 16.4;
				MTL_ENABLE_DEBUG_INFO = NO;
				MTL_FAST_MATH = YES;
				SDKROOT = iphoneos;
				SWIFT_COMPILATION_MODE = wholemodule;
				SWIFT_OPTIMIZATION_LEVEL = "-O";
				VALIDATE_PRODUCT = YES;
			};
			name = Release;
		};
		4DF4F4072ABC5A1D00D66126 /* Debug */ = {
			isa = XCBuildConfiguration;
			buildSettings = {
				ASSETCATALOG_COMPILER_APPICON_NAME = AppIcon;
				ASSETCATALOG_COMPILER_GLOBAL_ACCENT_COLOR_NAME = AccentColor;
				CODE_SIGN_STYLE = Automatic;
				CURRENT_PROJECT_VERSION = 1;
				DEVELOPMENT_ASSET_PATHS = "\"b8ndDiary/Preview Content\"";
				DEVELOPMENT_TEAM = NW88BSVGJV;
				DEVELOPMENT_TEAM = 88BPYM8C62;
				ENABLE_PREVIEWS = YES;
				GENERATE_INFOPLIST_FILE = YES;
				INFOPLIST_FILE = b8ndDiary/Info.plist;
				INFOPLIST_KEY_UIApplicationSceneManifest_Generation = YES;
				INFOPLIST_KEY_UIApplicationSupportsIndirectInputEvents = YES;
				INFOPLIST_KEY_UILaunchScreen_Generation = YES;
				INFOPLIST_KEY_UISupportedInterfaceOrientations_iPad = "UIInterfaceOrientationPortrait UIInterfaceOrientationPortraitUpsideDown UIInterfaceOrientationLandscapeLeft UIInterfaceOrientationLandscapeRight";
				INFOPLIST_KEY_UISupportedInterfaceOrientations_iPhone = "UIInterfaceOrientationPortrait UIInterfaceOrientationLandscapeLeft UIInterfaceOrientationLandscapeRight";
				IPHONEOS_DEPLOYMENT_TARGET = 16.0;
				LD_RUNPATH_SEARCH_PATHS = (
					"$(inherited)",
					"@executable_path/Frameworks",
				);
				MARKETING_VERSION = 1.0;
				PRODUCT_BUNDLE_IDENTIFIER = com.b8ndd.b8ndDiary;
				PRODUCT_NAME = "$(TARGET_NAME)";
				SWIFT_EMIT_LOC_STRINGS = YES;
				SWIFT_VERSION = 5.0;
				TARGETED_DEVICE_FAMILY = "1,2";
			};
			name = Debug;
		};
		4DF4F4082ABC5A1D00D66126 /* Release */ = {
			isa = XCBuildConfiguration;
			buildSettings = {
				ASSETCATALOG_COMPILER_APPICON_NAME = AppIcon;
				ASSETCATALOG_COMPILER_GLOBAL_ACCENT_COLOR_NAME = AccentColor;
				CODE_SIGN_STYLE = Automatic;
				CURRENT_PROJECT_VERSION = 1;
				DEVELOPMENT_ASSET_PATHS = "\"b8ndDiary/Preview Content\"";
				DEVELOPMENT_TEAM = NW88BSVGJV;
				DEVELOPMENT_TEAM = 88BPYM8C62;
				ENABLE_PREVIEWS = YES;
				GENERATE_INFOPLIST_FILE = YES;
				INFOPLIST_FILE = b8ndDiary/Info.plist;
				INFOPLIST_KEY_UIApplicationSceneManifest_Generation = YES;
				INFOPLIST_KEY_UIApplicationSupportsIndirectInputEvents = YES;
				INFOPLIST_KEY_UILaunchScreen_Generation = YES;
				INFOPLIST_KEY_UISupportedInterfaceOrientations_iPad = "UIInterfaceOrientationPortrait UIInterfaceOrientationPortraitUpsideDown UIInterfaceOrientationLandscapeLeft UIInterfaceOrientationLandscapeRight";
				INFOPLIST_KEY_UISupportedInterfaceOrientations_iPhone = "UIInterfaceOrientationPortrait UIInterfaceOrientationLandscapeLeft UIInterfaceOrientationLandscapeRight";
				IPHONEOS_DEPLOYMENT_TARGET = 16.0;
				LD_RUNPATH_SEARCH_PATHS = (
					"$(inherited)",
					"@executable_path/Frameworks",
				);
				MARKETING_VERSION = 1.0;
				PRODUCT_BUNDLE_IDENTIFIER = com.b8ndd.b8ndDiary;
				PRODUCT_NAME = "$(TARGET_NAME)";
				SWIFT_EMIT_LOC_STRINGS = YES;
				SWIFT_VERSION = 5.0;
				TARGETED_DEVICE_FAMILY = "1,2";
			};
			name = Release;
		};
		4DF4F40A2ABC5A1D00D66126 /* Debug */ = {
			isa = XCBuildConfiguration;
			buildSettings = {
				ALWAYS_EMBED_SWIFT_STANDARD_LIBRARIES = YES;
				BUNDLE_LOADER = "$(TEST_HOST)";
				CODE_SIGN_STYLE = Automatic;
				CURRENT_PROJECT_VERSION = 1;
				DEVELOPMENT_TEAM = 88BPYM8C62;
				GENERATE_INFOPLIST_FILE = YES;
				IPHONEOS_DEPLOYMENT_TARGET = 16.4;
				MARKETING_VERSION = 1.0;
				PRODUCT_BUNDLE_IDENTIFIER = com.bestswlkh0310.b8ndDiaryTests;
				PRODUCT_NAME = "$(TARGET_NAME)";
				SWIFT_EMIT_LOC_STRINGS = NO;
				SWIFT_VERSION = 5.0;
				TARGETED_DEVICE_FAMILY = "1,2";
				TEST_HOST = "$(BUILT_PRODUCTS_DIR)/b8ndDiary.app/$(BUNDLE_EXECUTABLE_FOLDER_PATH)/b8ndDiary";
			};
			name = Debug;
		};
		4DF4F40B2ABC5A1D00D66126 /* Release */ = {
			isa = XCBuildConfiguration;
			buildSettings = {
				ALWAYS_EMBED_SWIFT_STANDARD_LIBRARIES = YES;
				BUNDLE_LOADER = "$(TEST_HOST)";
				CODE_SIGN_STYLE = Automatic;
				CURRENT_PROJECT_VERSION = 1;
				DEVELOPMENT_TEAM = 88BPYM8C62;
				GENERATE_INFOPLIST_FILE = YES;
				IPHONEOS_DEPLOYMENT_TARGET = 16.4;
				MARKETING_VERSION = 1.0;
				PRODUCT_BUNDLE_IDENTIFIER = com.bestswlkh0310.b8ndDiaryTests;
				PRODUCT_NAME = "$(TARGET_NAME)";
				SWIFT_EMIT_LOC_STRINGS = NO;
				SWIFT_VERSION = 5.0;
				TARGETED_DEVICE_FAMILY = "1,2";
				TEST_HOST = "$(BUILT_PRODUCTS_DIR)/b8ndDiary.app/$(BUNDLE_EXECUTABLE_FOLDER_PATH)/b8ndDiary";
			};
			name = Release;
		};
		4DF4F40D2ABC5A1D00D66126 /* Debug */ = {
			isa = XCBuildConfiguration;
			buildSettings = {
				ALWAYS_EMBED_SWIFT_STANDARD_LIBRARIES = YES;
				CODE_SIGN_STYLE = Automatic;
				CURRENT_PROJECT_VERSION = 1;
				DEVELOPMENT_TEAM = 88BPYM8C62;
				GENERATE_INFOPLIST_FILE = YES;
				MARKETING_VERSION = 1.0;
				PRODUCT_BUNDLE_IDENTIFIER = com.bestswlkh0310.b8ndDiaryUITests;
				PRODUCT_NAME = "$(TARGET_NAME)";
				SWIFT_EMIT_LOC_STRINGS = NO;
				SWIFT_VERSION = 5.0;
				TARGETED_DEVICE_FAMILY = "1,2";
				TEST_TARGET_NAME = b8ndDiary;
			};
			name = Debug;
		};
		4DF4F40E2ABC5A1D00D66126 /* Release */ = {
			isa = XCBuildConfiguration;
			buildSettings = {
				ALWAYS_EMBED_SWIFT_STANDARD_LIBRARIES = YES;
				CODE_SIGN_STYLE = Automatic;
				CURRENT_PROJECT_VERSION = 1;
				DEVELOPMENT_TEAM = 88BPYM8C62;
				GENERATE_INFOPLIST_FILE = YES;
				MARKETING_VERSION = 1.0;
				PRODUCT_BUNDLE_IDENTIFIER = com.bestswlkh0310.b8ndDiaryUITests;
				PRODUCT_NAME = "$(TARGET_NAME)";
				SWIFT_EMIT_LOC_STRINGS = NO;
				SWIFT_VERSION = 5.0;
				TARGETED_DEVICE_FAMILY = "1,2";
				TEST_TARGET_NAME = b8ndDiary;
			};
			name = Release;
		};
/* End XCBuildConfiguration section */

/* Begin XCConfigurationList section */
		4DF4F3DD2ABC5A1B00D66126 /* Build configuration list for PBXProject "b8ndDiary" */ = {
			isa = XCConfigurationList;
			buildConfigurations = (
				4DF4F4042ABC5A1D00D66126 /* Debug */,
				4DF4F4052ABC5A1D00D66126 /* Release */,
			);
			defaultConfigurationIsVisible = 0;
			defaultConfigurationName = Release;
		};
		4DF4F4062ABC5A1D00D66126 /* Build configuration list for PBXNativeTarget "b8ndDiary" */ = {
			isa = XCConfigurationList;
			buildConfigurations = (
				4DF4F4072ABC5A1D00D66126 /* Debug */,
				4DF4F4082ABC5A1D00D66126 /* Release */,
			);
			defaultConfigurationIsVisible = 0;
			defaultConfigurationName = Release;
		};
		4DF4F4092ABC5A1D00D66126 /* Build configuration list for PBXNativeTarget "b8ndDiaryTests" */ = {
			isa = XCConfigurationList;
			buildConfigurations = (
				4DF4F40A2ABC5A1D00D66126 /* Debug */,
				4DF4F40B2ABC5A1D00D66126 /* Release */,
			);
			defaultConfigurationIsVisible = 0;
			defaultConfigurationName = Release;
		};
		4DF4F40C2ABC5A1D00D66126 /* Build configuration list for PBXNativeTarget "b8ndDiaryUITests" */ = {
			isa = XCConfigurationList;
			buildConfigurations = (
				4DF4F40D2ABC5A1D00D66126 /* Debug */,
				4DF4F40E2ABC5A1D00D66126 /* Release */,
			);
			defaultConfigurationIsVisible = 0;
			defaultConfigurationName = Release;
		};
/* End XCConfigurationList section */

/* Begin XCRemoteSwiftPackageReference section */
		7596ADE72AE68EEF008EBFD8 /* XCRemoteSwiftPackageReference "firebase-ios-sdk" */ = {
			isa = XCRemoteSwiftPackageReference;
			repositoryURL = "https://github.com/firebase/firebase-ios-sdk.git";
			requirement = {
				kind = upToNextMajorVersion;
				minimumVersion = 10.16.0;
			};
		};
		7596ADEA2AE68F23008EBFD8 /* XCRemoteSwiftPackageReference "GoogleSignIn-iOS" */ = {
			isa = XCRemoteSwiftPackageReference;
			repositoryURL = "https://github.com/google/GoogleSignIn-iOS/";
			requirement = {
				kind = upToNextMajorVersion;
				minimumVersion = 7.0.0;
			};
		};
/* End XCRemoteSwiftPackageReference section */

/* Begin XCSwiftPackageProductDependency section */
		7596ADE82AE68EEF008EBFD8 /* FirebaseAuth */ = {
			isa = XCSwiftPackageProductDependency;
			package = 7596ADE72AE68EEF008EBFD8 /* XCRemoteSwiftPackageReference "firebase-ios-sdk" */;
			productName = FirebaseAuth;
		};
		7596ADEB2AE68F23008EBFD8 /* GoogleSignIn */ = {
			isa = XCSwiftPackageProductDependency;
			package = 7596ADEA2AE68F23008EBFD8 /* XCRemoteSwiftPackageReference "GoogleSignIn-iOS" */;
			productName = GoogleSignIn;
		};
		7596ADED2AE68F23008EBFD8 /* GoogleSignInSwift */ = {
			isa = XCSwiftPackageProductDependency;
			package = 7596ADEA2AE68F23008EBFD8 /* XCRemoteSwiftPackageReference "GoogleSignIn-iOS" */;
			productName = GoogleSignInSwift;
		};
		7596ADF02AE68FCD008EBFD8 /* FirebaseMessaging */ = {
			isa = XCSwiftPackageProductDependency;
			package = 7596ADE72AE68EEF008EBFD8 /* XCRemoteSwiftPackageReference "firebase-ios-sdk" */;
			productName = FirebaseMessaging;
		};
		7596ADF22AE68FE5008EBFD8 /* FirebaseAnalytics */ = {
			isa = XCSwiftPackageProductDependency;
			package = 7596ADE72AE68EEF008EBFD8 /* XCRemoteSwiftPackageReference "firebase-ios-sdk" */;
			productName = FirebaseAnalytics;
		};
/* End XCSwiftPackageProductDependency section */
	};
	rootObject = 4DF4F3DA2ABC5A1B00D66126 /* Project object */;
}
